<?xml version="1.0" encoding="utf-8"?>
<Project ToolsVersion="4.0" xmlns="http://schemas.microsoft.com/developer/msbuild/2003">
  <ItemGroup>
    <Filter Include="Resource Files">
      <UniqueIdentifier>{67DA6AB6-F800-4c08-8B7A-83BB121AAD01}</UniqueIdentifier>
      <Extensions>rc;ico;cur;bmp;dlg;rc2;rct;bin;rgs;gif;jpg;jpeg;jpe;resx;tiff;tif;png;wav;mfcribbon-ms</Extensions>
    </Filter>
    <Filter Include="Map">
      <UniqueIdentifier>{1e73ef75-adb8-452f-8c23-98af17820db0}</UniqueIdentifier>
    </Filter>
    <Filter Include="Cell">
      <UniqueIdentifier>{a4237519-25f6-4471-80b1-141e2c81b7d0}</UniqueIdentifier>
    </Filter>
    <Filter Include="Game">
      <UniqueIdentifier>{cba37a18-f37c-4c48-b997-5813a1f84b7c}</UniqueIdentifier>
    </Filter>
    <Filter Include="Engine">
      <UniqueIdentifier>{93995380-89BD-4b04-88EB-625FBE52EBFB}</UniqueIdentifier>
      <Extensions>h;hh;hpp;hxx;h++;hm;inl;inc;ipp;xsd</Extensions>
    </Filter>
    <Filter Include="DungeonGenerator">
      <UniqueIdentifier>{3c300ece-e50e-48c3-ae11-2d325e890ad1}</UniqueIdentifier>
    </Filter>
  </ItemGroup>
  <ItemGroup>
    <ClCompile Include="Map\Map.cpp">
      <Filter>Map</Filter>
    </ClCompile>
    <ClCompile Include="Cell\Cell.cpp">
      <Filter>Cell</Filter>
    </ClCompile>
    <ClCompile Include="Game\Game.cpp">
      <Filter>Game</Filter>
    </ClCompile>
    <ClCompile Include="AbstractGame\AbstractGame.cpp">
      <Filter>Engine</Filter>
    </ClCompile>
    <ClCompile Include="GameEngine.cpp">
      <Filter>Engine</Filter>
    </ClCompile>
    <ClCompile Include="GameWinMain\GameWinMain.cpp">
      <Filter>Engine</Filter>
    </ClCompile>
    <ClCompile Include="DungeonGenerator\DungeonGenerator.cpp" />
    <ClCompile Include="DungeonMap\DungeonMap.cpp" />
  </ItemGroup>
  <ItemGroup>
    <ClInclude Include="AbstractGame\AbstractGame.h">
      <Filter>Engine</Filter>
    </ClInclude>
    <ClInclude Include="framework.h">
      <Filter>Engine</Filter>
    </ClInclude>
    <ClInclude Include="GameDefines.h">
      <Filter>Engine</Filter>
    </ClInclude>
    <ClInclude Include="GameEngine.h">
      <Filter>Engine</Filter>
    </ClInclude>
    <ClInclude Include="GameWinMain\GameWinMain.h">
      <Filter>Engine</Filter>
    </ClInclude>
    <ClInclude Include="targetver.h">
      <Filter>Engine</Filter>
    </ClInclude>
    <ClInclude Include="Map\Map.h">
      <Filter>Map</Filter>
    </ClInclude>
    <ClInclude Include="Resource.h">
      <Filter>Resource Files</Filter>
    </ClInclude>
    <ClInclude Include="Game\Game.h">
      <Filter>Game</Filter>
    </ClInclude>
    <ClInclude Include="Cell\Cell.h">
      <Filter>Cell</Filter>
    </ClInclude>
    <ClInclude Include="DungeonGenerator\DungeonGenerator.h">
      <Filter>Engine</Filter>
    </ClInclude>
    <ClInclude Include="DungeonMap\DungeonMap.h">
      <Filter>Engine</Filter>
    </ClInclude>
    <ClInclude Include="DungeonEnums\enums.hpp">
      <Filter>Engine</Filter>
    </ClInclude>
  </ItemGroup>
  <ItemGroup>
    <Image Include="big.ico">
      <Filter>Resource Files</Filter>
    </Image>
    <Image Include="small.ico">
      <Filter>Resource Files</Filter>
    </Image>
  </ItemGroup>
</Project>